<?xml version="1.0" encoding="utf-8"?>
<Project ToolsVersion="4.0" xmlns="http://schemas.microsoft.com/developer/msbuild/2003">
  <ItemGroup>
    <Filter Include="asset">
      <UniqueIdentifier>{c3188c5e-2e04-4938-a27a-f524c9d7ffc5}</UniqueIdentifier>
    </Filter>
    <Filter Include="source">
      <UniqueIdentifier>{8cdd8692-376a-4068-ba35-2b7ec2e3d729}</UniqueIdentifier>
    </Filter>
    <Filter Include="source\io">
      <UniqueIdentifier>{44b33d38-1fa1-4098-a730-14aac4bd8706}</UniqueIdentifier>
    </Filter>
    <Filter Include="tool">
      <UniqueIdentifier>{e3d14f78-71a8-43d7-9b5a-c970ca559360}</UniqueIdentifier>
    </Filter>
    <Filter Include="source\thirdparty">
      <UniqueIdentifier>{40736596-50c3-4325-a20f-8f5ba7ff559d}</UniqueIdentifier>
    </Filter>
    <Filter Include="source\io\graphics">
      <UniqueIdentifier>{5ea576ca-567e-403f-944d-1037bea38fd1}</UniqueIdentifier>
    </Filter>
    <Filter Include="source\io\window">
      <UniqueIdentifier>{281d4af5-3e08-44f5-9d3c-ec30e4591fed}</UniqueIdentifier>
    </Filter>
    <Filter Include="source\utility">
      <UniqueIdentifier>{8d33f904-ce3d-4a0b-b51f-997dd6dcde10}</UniqueIdentifier>
    </Filter>
    <Filter Include="source\io\file">
      <UniqueIdentifier>{292c6752-526e-4f64-aa93-a6975c212f18}</UniqueIdentifier>
    </Filter>
    <Filter Include="asset\shader">
      <UniqueIdentifier>{281c5ab6-7a35-40e8-8497-681e2a7cc3d5}</UniqueIdentifier>
    </Filter>
    <Filter Include="asset\shader\source">
      <UniqueIdentifier>{d925cfc9-0fe2-416d-a08e-e66f2fb2daa8}</UniqueIdentifier>
    </Filter>
    <Filter Include="tool\shader_compiler">
      <UniqueIdentifier>{41e1773c-a2a6-4b6f-a987-9984baa5f10d}</UniqueIdentifier>
    </Filter>
    <Filter Include="source\io\graphics\vulkan">
      <UniqueIdentifier>{89d85c7d-e9a6-4dab-8c8f-6c8cc5b7c443}</UniqueIdentifier>
    </Filter>
    <Filter Include="source\core">
      <UniqueIdentifier>{5ba7085b-2325-4673-88a5-61da6748e39b}</UniqueIdentifier>
    </Filter>
    <Filter Include="source\core\math">
      <UniqueIdentifier>{84ba9e08-b034-4256-9668-ef5f08c0efbd}</UniqueIdentifier>
    </Filter>
    <Filter Include="docs">
      <UniqueIdentifier>{96190bec-90fb-4d4b-9a67-a185ccf4c7d1}</UniqueIdentifier>
    </Filter>
    <Filter Include="source\thirdparty\vk_bootstrap">
      <UniqueIdentifier>{80dad7e6-5df4-4f2e-b156-c02bc3c85647}</UniqueIdentifier>
    </Filter>
    <Filter Include="source\thirdparty\stb">
      <UniqueIdentifier>{8604d792-6976-40bc-9c14-c30a4b8d5ec6}</UniqueIdentifier>
    </Filter>
  </ItemGroup>
  <ItemGroup>
    <ClInclude Include="source\io\graphics\graphics_api.h">
      <Filter>source\io\graphics</Filter>
    </ClInclude>
    <ClInclude Include="source\utility\stl.h">
      <Filter>source\utility</Filter>
    </ClInclude>
    <ClInclude Include="source\io\window\window.h">
      <Filter>source\io\window</Filter>
    </ClInclude>
    <ClInclude Include="source\io\window\window_min.h">
      <Filter>source\io\window</Filter>
    </ClInclude>
    <ClInclude Include="source\utility\forward_declaration.h">
      <Filter>source\utility</Filter>
    </ClInclude>
    <ClInclude Include="source\io\window\application.h">
      <Filter>source\io\window</Filter>
    </ClInclude>
    <ClInclude Include="source\utility\byte_buffer.h">
      <Filter>source\utility</Filter>
    </ClInclude>
    <ClInclude Include="source\io\file\file_interface.h">
      <Filter>source\io\file</Filter>
    </ClInclude>
    <ClInclude Include="source\core\math\vector.h">
      <Filter>source\core\math</Filter>
    </ClInclude>
    <ClInclude Include="Header.h" />
    <ClInclude Include="source\io\graphics\vulkan\vulkan_api.h">
      <Filter>source\io\graphics\vulkan</Filter>
    </ClInclude>
    <ClInclude Include="source\io\graphics\vulkan\vulkan_pipeline.h">
      <Filter>source\io\graphics\vulkan</Filter>
    </ClInclude>
    <ClInclude Include="source\thirdparty\vk_bootstrap\VkBootstrap.h">
      <Filter>source\thirdparty\vk_bootstrap</Filter>
    </ClInclude>
    <ClInclude Include="source\thirdparty\vk_bootstrap\VkBootstrapDispatch.h">
      <Filter>source\thirdparty\vk_bootstrap</Filter>
    </ClInclude>
    <ClInclude Include="source\utility\string_utility.h">
      <Filter>source\utility</Filter>
    </ClInclude>
    <ClInclude Include="source\io\graphics\vulkan\vulkan_validation.hpp">
      <Filter>source\io\graphics\vulkan</Filter>
    </ClInclude>
    <ClInclude Include="source\io\graphics\pipeline.h">
      <Filter>source\io\graphics</Filter>
    </ClInclude>
    <ClInclude Include="source\io\graphics\vulkan\vulkan_utility.h">
      <Filter>source\io\graphics\vulkan</Filter>
    </ClInclude>
    <ClInclude Include="source\io\graphics\vulkan\vulkan_mesh.h">
      <Filter>source\io\graphics\vulkan</Filter>
    </ClInclude>
    <ClInclude Include="source\io\graphics\vulkan\vulkan_render_target.h">
      <Filter>source\io\graphics\vulkan</Filter>
    </ClInclude>
    <ClInclude Include="source\io\graphics\render_target.h">
      <Filter>source\io\graphics</Filter>
    </ClInclude>
    <ClInclude Include="source\io\graphics\mesh.h">
      <Filter>source\io\graphics</Filter>
    </ClInclude>
    <ClInclude Include="source\io\graphics\common.h">
      <Filter>source\io\graphics</Filter>
    </ClInclude>
    <ClInclude Include="source\core\math\matrix.h">
      <Filter>source\core\math</Filter>
    </ClInclude>
    <ClInclude Include="source\io\graphics\vulkan\vulkan_uniform_buffer.h">
      <Filter>source\io\graphics\vulkan</Filter>
    </ClInclude>
    <ClInclude Include="source\io\graphics\vulkan\vulkan_buffer.h">
      <Filter>source\io\graphics\vulkan</Filter>
    </ClInclude>
    <ClInclude Include="source\utility\timer.hpp">
      <Filter>source\utility</Filter>
    </ClInclude>
    <ClInclude Include="source\io\file\shader_compiler.h">
      <Filter>source\io\file</Filter>
    </ClInclude>
    <ClInclude Include="source\thirdparty\stb\stb_image.h">
      <Filter>source\thirdparty\stb</Filter>
    </ClInclude>
    <ClInclude Include="source\io\graphics\texture.h">
      <Filter>source\io\graphics</Filter>
    </ClInclude>
    <ClInclude Include="source\io\file\image.h">
      <Filter>source\io\file</Filter>
    </ClInclude>
    <ClInclude Include="source\io\graphics\vulkan\vulkan_texture.h">
      <Filter>source\io\graphics\vulkan</Filter>
    </ClInclude>
  </ItemGroup>
  <ItemGroup>
    <ClCompile Include="source\io\window\window.cpp">
      <Filter>source\io\window</Filter>
    </ClCompile>
    <ClCompile Include="source\io\window\application.cpp">
      <Filter>source\io\window</Filter>
    </ClCompile>
    <ClCompile Include="source\utility\byte_buffer.cpp">
      <Filter>source\utility</Filter>
    </ClCompile>
    <ClCompile Include="source\core\math\vector.cpp">
      <Filter>source\core\math</Filter>
    </ClCompile>
    <ClCompile Include="source\io\graphics\vulkan\vulkan_api.cpp">
      <Filter>source\io\graphics\vulkan</Filter>
    </ClCompile>
    <ClCompile Include="source\io\graphics\vulkan\vulkan_pipeline.cpp">
      <Filter>source\io\graphics\vulkan</Filter>
    </ClCompile>
    <ClCompile Include="source\thirdparty\vk_bootstrap\VkBootstrap.cpp">
      <Filter>source\thirdparty\vk_bootstrap</Filter>
    </ClCompile>
    <ClCompile Include="source\utility\string_utility.cpp">
      <Filter>source\utility</Filter>
    </ClCompile>
    <ClCompile Include="source\io\graphics\vulkan\vulkan_utility.cpp">
      <Filter>source\io\graphics\vulkan</Filter>
    </ClCompile>
    <ClCompile Include="source\io\graphics\vulkan\vulkan_mesh.cpp">
      <Filter>source\io\graphics\vulkan</Filter>
    </ClCompile>
    <ClCompile Include="source\io\graphics\vulkan\vulkan_render_target.cpp">
      <Filter>source\io\graphics\vulkan</Filter>
    </ClCompile>
    <ClCompile Include="source\core\math\matrix.cpp">
      <Filter>source\core\math</Filter>
    </ClCompile>
    <ClCompile Include="source\io\graphics\vulkan\vulkan_uniform_buffer.cpp">
      <Filter>source\io\graphics\vulkan</Filter>
    </ClCompile>
    <ClCompile Include="source\io\graphics\vulkan\vulkan_buffer.cpp">
      <Filter>source\io\graphics\vulkan</Filter>
    </ClCompile>
    <ClCompile Include="source\io\file\image.cpp">
      <Filter>source\io\file</Filter>
    </ClCompile>
    <ClCompile Include="source\io\graphics\vulkan\vulkan_texture.cpp">
      <Filter>source\io\graphics\vulkan</Filter>
    </ClCompile>
  </ItemGroup>
  <ItemGroup>
    <None Include="tool\shader_compiler\compile_shaders.bat">
      <Filter>tool\shader_compiler</Filter>
    </None>
    <None Include="tool\shader_compiler\config.ini">
      <Filter>tool\shader_compiler</Filter>
    </None>
    <None Include="asset\shader\source\fullscreen.frag">
      <Filter>asset\shader\source</Filter>
    </None>
    <None Include="asset\shader\source\fullscreen.vert">
      <Filter>asset\shader\source</Filter>
    </None>
  </ItemGroup>
  <ItemGroup>
    <Text Include="docs\code_convention.txt">
      <Filter>docs</Filter>
    </Text>
    <Text Include="docs\note_vulkan.txt">
      <Filter>docs</Filter>
    </Text>
  </ItemGroup>
</Project>