<?xml version="1.0" encoding="utf-8"?>
<Project ToolsVersion="4.0" xmlns="http://schemas.microsoft.com/developer/msbuild/2003">
  <ItemGroup>
    <Filter Include="asset">
      <UniqueIdentifier>{c3188c5e-2e04-4938-a27a-f524c9d7ffc5}</UniqueIdentifier>
    </Filter>
    <Filter Include="source">
      <UniqueIdentifier>{8cdd8692-376a-4068-ba35-2b7ec2e3d729}</UniqueIdentifier>
    </Filter>
    <Filter Include="tool">
      <UniqueIdentifier>{e3d14f78-71a8-43d7-9b5a-c970ca559360}</UniqueIdentifier>
    </Filter>
    <Filter Include="asset\shader">
      <UniqueIdentifier>{281c5ab6-7a35-40e8-8497-681e2a7cc3d5}</UniqueIdentifier>
    </Filter>
    <Filter Include="asset\shader\source">
      <UniqueIdentifier>{d925cfc9-0fe2-416d-a08e-e66f2fb2daa8}</UniqueIdentifier>
    </Filter>
    <Filter Include="tool\shader_compiler">
      <UniqueIdentifier>{41e1773c-a2a6-4b6f-a987-9984baa5f10d}</UniqueIdentifier>
    </Filter>
    <Filter Include="docs">
      <UniqueIdentifier>{96190bec-90fb-4d4b-9a67-a185ccf4c7d1}</UniqueIdentifier>
    </Filter>
    <Filter Include="source\math">
      <UniqueIdentifier>{e43452ee-68b5-443d-94cd-ad440b1744e6}</UniqueIdentifier>
    </Filter>
    <Filter Include="source\thread">
      <UniqueIdentifier>{918fba24-2b30-43af-a5cd-dea0e804b2f9}</UniqueIdentifier>
    </Filter>
    <Filter Include="source\graphics">
      <UniqueIdentifier>{f5c1380d-84fd-4e51-a086-b0f3ac2cf4de}</UniqueIdentifier>
    </Filter>
    <Filter Include="source\window">
      <UniqueIdentifier>{e64b9886-1f9e-40f0-9f4e-431c820e993a}</UniqueIdentifier>
    </Filter>
    <Filter Include="source\file">
      <UniqueIdentifier>{546b80e2-0b45-4715-890f-98341c747f41}</UniqueIdentifier>
    </Filter>
    <Filter Include="source\utility">
      <UniqueIdentifier>{d6f68cea-a422-43ee-8b48-09c60428b418}</UniqueIdentifier>
    </Filter>
    <Filter Include="source\graphics\vulkan">
      <UniqueIdentifier>{3341aa8b-a1cf-43ef-babc-305947a6fb32}</UniqueIdentifier>
    </Filter>
    <Filter Include="thirdparty">
      <UniqueIdentifier>{004756a1-81c6-4f29-9919-7fb39030d2df}</UniqueIdentifier>
    </Filter>
    <Filter Include="thirdparty\assimp">
      <UniqueIdentifier>{bdc1c881-7d12-4fee-a665-24587ed3a8e4}</UniqueIdentifier>
    </Filter>
    <Filter Include="thirdparty\zlib">
      <UniqueIdentifier>{e120a658-c332-461a-82c9-ebf4242be3e9}</UniqueIdentifier>
    </Filter>
    <Filter Include="thirdparty\stb">
      <UniqueIdentifier>{1ce1cba5-840a-4629-a8dd-86beb5253479}</UniqueIdentifier>
    </Filter>
    <Filter Include="thirdparty\vk_bootstrap">
      <UniqueIdentifier>{f563ec1a-e1f2-4ba1-a262-f63217763d96}</UniqueIdentifier>
    </Filter>
    <Filter Include="thirdparty\assimp\port">
      <UniqueIdentifier>{db2a2a90-dbad-46a5-8b25-68483ad11c3d}</UniqueIdentifier>
    </Filter>
    <Filter Include="thirdparty\assimp\Compiler">
      <UniqueIdentifier>{42a8fd97-e1ac-44ac-aa15-2be7d1223127}</UniqueIdentifier>
    </Filter>
    <Filter Include="thirdparty\assimp\port\AndroidJNI">
      <UniqueIdentifier>{7a256cce-38c9-4ed8-af2e-1058924aed41}</UniqueIdentifier>
    </Filter>
  </ItemGroup>
  <ItemGroup>
    <ClInclude Include="source\math\matrix.h">
      <Filter>source\math</Filter>
    </ClInclude>
    <ClInclude Include="source\math\vector.h">
      <Filter>source\math</Filter>
    </ClInclude>
    <ClInclude Include="source\graphics\common.h">
      <Filter>source\graphics</Filter>
    </ClInclude>
    <ClInclude Include="source\graphics\graphics_api.h">
      <Filter>source\graphics</Filter>
    </ClInclude>
    <ClInclude Include="source\graphics\mesh.h">
      <Filter>source\graphics</Filter>
    </ClInclude>
    <ClInclude Include="source\graphics\pipeline.h">
      <Filter>source\graphics</Filter>
    </ClInclude>
    <ClInclude Include="source\graphics\render_target.h">
      <Filter>source\graphics</Filter>
    </ClInclude>
    <ClInclude Include="source\graphics\shader.h">
      <Filter>source\graphics</Filter>
    </ClInclude>
    <ClInclude Include="source\graphics\texture.h">
      <Filter>source\graphics</Filter>
    </ClInclude>
    <ClInclude Include="source\graphics\uniform_buffer.h">
      <Filter>source\graphics</Filter>
    </ClInclude>
    <ClInclude Include="source\graphics\vulkan\vulkan_api.h">
      <Filter>source\graphics\vulkan</Filter>
    </ClInclude>
    <ClInclude Include="source\graphics\vulkan\vulkan_mesh.h">
      <Filter>source\graphics\vulkan</Filter>
    </ClInclude>
    <ClInclude Include="source\graphics\vulkan\vulkan_pipeline.h">
      <Filter>source\graphics\vulkan</Filter>
    </ClInclude>
    <ClInclude Include="source\graphics\vulkan\vulkan_render_target.h">
      <Filter>source\graphics\vulkan</Filter>
    </ClInclude>
    <ClInclude Include="source\graphics\vulkan\vulkan_result.hpp">
      <Filter>source\graphics\vulkan</Filter>
    </ClInclude>
    <ClInclude Include="source\graphics\vulkan\vulkan_shader_binding.h">
      <Filter>source\graphics\vulkan</Filter>
    </ClInclude>
    <ClInclude Include="source\graphics\vulkan\vulkan_texture.h">
      <Filter>source\graphics\vulkan</Filter>
    </ClInclude>
    <ClInclude Include="source\graphics\vulkan\vulkan_uniform_buffer.h">
      <Filter>source\graphics\vulkan</Filter>
    </ClInclude>
    <ClInclude Include="source\graphics\vulkan\vulkan_utility.h">
      <Filter>source\graphics\vulkan</Filter>
    </ClInclude>
    <ClInclude Include="source\file\explorer.h">
      <Filter>source\file</Filter>
    </ClInclude>
    <ClInclude Include="source\file\image.h">
      <Filter>source\file</Filter>
    </ClInclude>
    <ClInclude Include="source\file\model.h">
      <Filter>source\file</Filter>
    </ClInclude>
    <ClInclude Include="source\file\path.generated.h">
      <Filter>source\file</Filter>
    </ClInclude>
    <ClInclude Include="source\utility\byte_buffer.h">
      <Filter>source\utility</Filter>
    </ClInclude>
    <ClInclude Include="source\utility\forward_declaration.h">
      <Filter>source\utility</Filter>
    </ClInclude>
    <ClInclude Include="source\utility\log.h">
      <Filter>source\utility</Filter>
    </ClInclude>
    <ClInclude Include="source\utility\timer.hpp">
      <Filter>source\utility</Filter>
    </ClInclude>
    <ClInclude Include="source\window\application.h">
      <Filter>source\window</Filter>
    </ClInclude>
    <ClInclude Include="source\window\window.h">
      <Filter>source\window</Filter>
    </ClInclude>
    <ClInclude Include="source\window\window_min.h">
      <Filter>source\window</Filter>
    </ClInclude>
    <ClInclude Include="source\thread\thread_pool.h">
      <Filter>source\thread</Filter>
    </ClInclude>
    <ClInclude Include="thirdparty\vk_bootstrap\VkBootstrap.h">
      <Filter>thirdparty\vk_bootstrap</Filter>
    </ClInclude>
    <ClInclude Include="thirdparty\vk_bootstrap\VkBootstrapDispatch.h">
      <Filter>thirdparty\vk_bootstrap</Filter>
    </ClInclude>
    <ClInclude Include="thirdparty\stb\stb_image.h">
      <Filter>thirdparty\stb</Filter>
    </ClInclude>
    <ClInclude Include="thirdparty\assimp\Compiler\poppack1.h">
      <Filter>thirdparty\assimp\Compiler</Filter>
    </ClInclude>
    <ClInclude Include="thirdparty\assimp\Compiler\pstdint.h">
      <Filter>thirdparty\assimp\Compiler</Filter>
    </ClInclude>
    <ClInclude Include="thirdparty\assimp\Compiler\pushpack1.h">
      <Filter>thirdparty\assimp\Compiler</Filter>
    </ClInclude>
    <ClInclude Include="thirdparty\assimp\port\AndroidJNI\AndroidJNIIOSystem.h">
      <Filter>thirdparty\assimp\port\AndroidJNI</Filter>
    </ClInclude>
    <ClInclude Include="thirdparty\assimp\port\AndroidJNI\BundledAssetIOSystem.h">
      <Filter>thirdparty\assimp\port\AndroidJNI</Filter>
    </ClInclude>
    <ClInclude Include="thirdparty\assimp\aabb.h">
      <Filter>thirdparty\assimp</Filter>
    </ClInclude>
    <ClInclude Include="thirdparty\assimp\ai_assert.h">
      <Filter>thirdparty\assimp</Filter>
    </ClInclude>
    <ClInclude Include="thirdparty\assimp\anim.h">
      <Filter>thirdparty\assimp</Filter>
    </ClInclude>
    <ClInclude Include="thirdparty\assimp\AssertHandler.h">
      <Filter>thirdparty\assimp</Filter>
    </ClInclude>
    <ClInclude Include="thirdparty\assimp\Base64.hpp">
      <Filter>thirdparty\assimp</Filter>
    </ClInclude>
    <ClInclude Include="thirdparty\assimp\BaseImporter.h">
      <Filter>thirdparty\assimp</Filter>
    </ClInclude>
    <ClInclude Include="thirdparty\assimp\Bitmap.h">
      <Filter>thirdparty\assimp</Filter>
    </ClInclude>
    <ClInclude Include="thirdparty\assimp\BlobIOSystem.h">
      <Filter>thirdparty\assimp</Filter>
    </ClInclude>
    <ClInclude Include="thirdparty\assimp\ByteSwapper.h">
      <Filter>thirdparty\assimp</Filter>
    </ClInclude>
    <ClInclude Include="thirdparty\assimp\camera.h">
      <Filter>thirdparty\assimp</Filter>
    </ClInclude>
    <ClInclude Include="thirdparty\assimp\cexport.h">
      <Filter>thirdparty\assimp</Filter>
    </ClInclude>
    <ClInclude Include="thirdparty\assimp\cfileio.h">
      <Filter>thirdparty\assimp</Filter>
    </ClInclude>
    <ClInclude Include="thirdparty\assimp\cimport.h">
      <Filter>thirdparty\assimp</Filter>
    </ClInclude>
    <ClInclude Include="thirdparty\assimp\ColladaMetaData.h">
      <Filter>thirdparty\assimp</Filter>
    </ClInclude>
    <ClInclude Include="thirdparty\assimp\color4.h">
      <Filter>thirdparty\assimp</Filter>
    </ClInclude>
    <ClInclude Include="thirdparty\assimp\commonMetaData.h">
      <Filter>thirdparty\assimp</Filter>
    </ClInclude>
    <ClInclude Include="thirdparty\assimp\config.h">
      <Filter>thirdparty\assimp</Filter>
    </ClInclude>
    <ClInclude Include="thirdparty\assimp\CreateAnimMesh.h">
      <Filter>thirdparty\assimp</Filter>
    </ClInclude>
    <ClInclude Include="thirdparty\assimp\DefaultIOStream.h">
      <Filter>thirdparty\assimp</Filter>
    </ClInclude>
    <ClInclude Include="thirdparty\assimp\DefaultIOSystem.h">
      <Filter>thirdparty\assimp</Filter>
    </ClInclude>
    <ClInclude Include="thirdparty\assimp\DefaultLogger.hpp">
      <Filter>thirdparty\assimp</Filter>
    </ClInclude>
    <ClInclude Include="thirdparty\assimp\defs.h">
      <Filter>thirdparty\assimp</Filter>
    </ClInclude>
    <ClInclude Include="thirdparty\assimp\Exceptional.h">
      <Filter>thirdparty\assimp</Filter>
    </ClInclude>
    <ClInclude Include="thirdparty\assimp\Exporter.hpp">
      <Filter>thirdparty\assimp</Filter>
    </ClInclude>
    <ClInclude Include="thirdparty\assimp\fast_atof.h">
      <Filter>thirdparty\assimp</Filter>
    </ClInclude>
    <ClInclude Include="thirdparty\assimp\GenericProperty.h">
      <Filter>thirdparty\assimp</Filter>
    </ClInclude>
    <ClInclude Include="thirdparty\assimp\GltfMaterial.h">
      <Filter>thirdparty\assimp</Filter>
    </ClInclude>
    <ClInclude Include="thirdparty\assimp\Hash.h">
      <Filter>thirdparty\assimp</Filter>
    </ClInclude>
    <ClInclude Include="thirdparty\assimp\Importer.hpp">
      <Filter>thirdparty\assimp</Filter>
    </ClInclude>
    <ClInclude Include="thirdparty\assimp\importerdesc.h">
      <Filter>thirdparty\assimp</Filter>
    </ClInclude>
    <ClInclude Include="thirdparty\assimp\IOStream.hpp">
      <Filter>thirdparty\assimp</Filter>
    </ClInclude>
    <ClInclude Include="thirdparty\assimp\IOStreamBuffer.h">
      <Filter>thirdparty\assimp</Filter>
    </ClInclude>
    <ClInclude Include="thirdparty\assimp\IOSystem.hpp">
      <Filter>thirdparty\assimp</Filter>
    </ClInclude>
    <ClInclude Include="thirdparty\assimp\light.h">
      <Filter>thirdparty\assimp</Filter>
    </ClInclude>
    <ClInclude Include="thirdparty\assimp\LineSplitter.h">
      <Filter>thirdparty\assimp</Filter>
    </ClInclude>
    <ClInclude Include="thirdparty\assimp\LogAux.h">
      <Filter>thirdparty\assimp</Filter>
    </ClInclude>
    <ClInclude Include="thirdparty\assimp\Logger.hpp">
      <Filter>thirdparty\assimp</Filter>
    </ClInclude>
    <ClInclude Include="thirdparty\assimp\LogStream.hpp">
      <Filter>thirdparty\assimp</Filter>
    </ClInclude>
    <ClInclude Include="thirdparty\assimp\material.h">
      <Filter>thirdparty\assimp</Filter>
    </ClInclude>
    <ClInclude Include="thirdparty\assimp\MathFunctions.h">
      <Filter>thirdparty\assimp</Filter>
    </ClInclude>
    <ClInclude Include="thirdparty\assimp\matrix3x3.h">
      <Filter>thirdparty\assimp</Filter>
    </ClInclude>
    <ClInclude Include="thirdparty\assimp\matrix4x4.h">
      <Filter>thirdparty\assimp</Filter>
    </ClInclude>
    <ClInclude Include="thirdparty\assimp\MemoryIOWrapper.h">
      <Filter>thirdparty\assimp</Filter>
    </ClInclude>
    <ClInclude Include="thirdparty\assimp\mesh.h">
      <Filter>thirdparty\assimp</Filter>
    </ClInclude>
    <ClInclude Include="thirdparty\assimp\metadata.h">
      <Filter>thirdparty\assimp</Filter>
    </ClInclude>
    <ClInclude Include="thirdparty\assimp\NullLogger.hpp">
      <Filter>thirdparty\assimp</Filter>
    </ClInclude>
    <ClInclude Include="thirdparty\assimp\ObjMaterial.h">
      <Filter>thirdparty\assimp</Filter>
    </ClInclude>
    <ClInclude Include="thirdparty\assimp\ParsingUtils.h">
      <Filter>thirdparty\assimp</Filter>
    </ClInclude>
    <ClInclude Include="thirdparty\assimp\pbrmaterial.h">
      <Filter>thirdparty\assimp</Filter>
    </ClInclude>
    <ClInclude Include="thirdparty\assimp\postprocess.h">
      <Filter>thirdparty\assimp</Filter>
    </ClInclude>
    <ClInclude Include="thirdparty\assimp\Profiler.h">
      <Filter>thirdparty\assimp</Filter>
    </ClInclude>
    <ClInclude Include="thirdparty\assimp\ProgressHandler.hpp">
      <Filter>thirdparty\assimp</Filter>
    </ClInclude>
    <ClInclude Include="thirdparty\assimp\qnan.h">
      <Filter>thirdparty\assimp</Filter>
    </ClInclude>
    <ClInclude Include="thirdparty\assimp\quaternion.h">
      <Filter>thirdparty\assimp</Filter>
    </ClInclude>
    <ClInclude Include="thirdparty\assimp\RemoveComments.h">
      <Filter>thirdparty\assimp</Filter>
    </ClInclude>
    <ClInclude Include="thirdparty\assimp\revision.h">
      <Filter>thirdparty\assimp</Filter>
    </ClInclude>
    <ClInclude Include="thirdparty\assimp\scene.h">
      <Filter>thirdparty\assimp</Filter>
    </ClInclude>
    <ClInclude Include="thirdparty\assimp\SceneCombiner.h">
      <Filter>thirdparty\assimp</Filter>
    </ClInclude>
    <ClInclude Include="thirdparty\assimp\SGSpatialSort.h">
      <Filter>thirdparty\assimp</Filter>
    </ClInclude>
    <ClInclude Include="thirdparty\assimp\SkeletonMeshBuilder.h">
      <Filter>thirdparty\assimp</Filter>
    </ClInclude>
    <ClInclude Include="thirdparty\assimp\SmallVector.h">
      <Filter>thirdparty\assimp</Filter>
    </ClInclude>
    <ClInclude Include="thirdparty\assimp\SmoothingGroups.h">
      <Filter>thirdparty\assimp</Filter>
    </ClInclude>
    <ClInclude Include="thirdparty\assimp\SpatialSort.h">
      <Filter>thirdparty\assimp</Filter>
    </ClInclude>
    <ClInclude Include="thirdparty\assimp\StandardShapes.h">
      <Filter>thirdparty\assimp</Filter>
    </ClInclude>
    <ClInclude Include="thirdparty\assimp\StreamReader.h">
      <Filter>thirdparty\assimp</Filter>
    </ClInclude>
    <ClInclude Include="thirdparty\assimp\StreamWriter.h">
      <Filter>thirdparty\assimp</Filter>
    </ClInclude>
    <ClInclude Include="thirdparty\assimp\StringComparison.h">
      <Filter>thirdparty\assimp</Filter>
    </ClInclude>
    <ClInclude Include="thirdparty\assimp\StringUtils.h">
      <Filter>thirdparty\assimp</Filter>
    </ClInclude>
    <ClInclude Include="thirdparty\assimp\Subdivision.h">
      <Filter>thirdparty\assimp</Filter>
    </ClInclude>
    <ClInclude Include="thirdparty\assimp\texture.h">
      <Filter>thirdparty\assimp</Filter>
    </ClInclude>
    <ClInclude Include="thirdparty\assimp\TinyFormatter.h">
      <Filter>thirdparty\assimp</Filter>
    </ClInclude>
    <ClInclude Include="thirdparty\assimp\types.h">
      <Filter>thirdparty\assimp</Filter>
    </ClInclude>
    <ClInclude Include="thirdparty\assimp\vector2.h">
      <Filter>thirdparty\assimp</Filter>
    </ClInclude>
    <ClInclude Include="thirdparty\assimp\vector3.h">
      <Filter>thirdparty\assimp</Filter>
    </ClInclude>
    <ClInclude Include="thirdparty\assimp\version.h">
      <Filter>thirdparty\assimp</Filter>
    </ClInclude>
    <ClInclude Include="thirdparty\assimp\Vertex.h">
      <Filter>thirdparty\assimp</Filter>
    </ClInclude>
    <ClInclude Include="thirdparty\assimp\XmlParser.h">
      <Filter>thirdparty\assimp</Filter>
    </ClInclude>
    <ClInclude Include="thirdparty\assimp\XMLTools.h">
      <Filter>thirdparty\assimp</Filter>
    </ClInclude>
    <ClInclude Include="thirdparty\assimp\ZipArchiveIOSystem.h">
      <Filter>thirdparty\assimp</Filter>
    </ClInclude>
    <ClInclude Include="source\utility\shader_compiler.h">
      <Filter>source\utility</Filter>
    </ClInclude>
    <ClInclude Include="source\graphics\model.h">
      <Filter>source\graphics</Filter>
    </ClInclude>
    <ClInclude Include="source\graphics\material.h">
      <Filter>source\graphics</Filter>
    </ClInclude>
    <ClInclude Include="source\graphics\vulkan\vulkan_model.h">
      <Filter>source\graphics\vulkan</Filter>
    </ClInclude>
    <ClInclude Include="source\graphics\vulkan\vulkan_material.h">
      <Filter>source\graphics\vulkan</Filter>
    </ClInclude>
  </ItemGroup>
  <ItemGroup>
    <ClCompile Include="source\math\matrix.cpp">
      <Filter>source\math</Filter>
    </ClCompile>
    <ClCompile Include="source\math\vector.cpp">
      <Filter>source\math</Filter>
    </ClCompile>
    <ClCompile Include="source\graphics\vulkan\vulkan_api.cpp">
      <Filter>source\graphics\vulkan</Filter>
    </ClCompile>
    <ClCompile Include="source\graphics\vulkan\vulkan_mesh.cpp">
      <Filter>source\graphics\vulkan</Filter>
    </ClCompile>
    <ClCompile Include="source\graphics\vulkan\vulkan_pipeline.cpp">
      <Filter>source\graphics\vulkan</Filter>
    </ClCompile>
    <ClCompile Include="source\graphics\vulkan\vulkan_render_target.cpp">
      <Filter>source\graphics\vulkan</Filter>
    </ClCompile>
    <ClCompile Include="source\graphics\vulkan\vulkan_texture.cpp">
      <Filter>source\graphics\vulkan</Filter>
    </ClCompile>
    <ClCompile Include="source\graphics\vulkan\vulkan_uniform_buffer.cpp">
      <Filter>source\graphics\vulkan</Filter>
    </ClCompile>
    <ClCompile Include="source\graphics\vulkan\vulkan_utility.cpp">
      <Filter>source\graphics\vulkan</Filter>
    </ClCompile>
    <ClCompile Include="source\file\image.cpp">
      <Filter>source\file</Filter>
    </ClCompile>
    <ClCompile Include="source\file\model.cpp">
      <Filter>source\file</Filter>
    </ClCompile>
    <ClCompile Include="source\utility\byte_buffer.cpp">
      <Filter>source\utility</Filter>
    </ClCompile>
    <ClCompile Include="source\utility\log.cpp">
      <Filter>source\utility</Filter>
    </ClCompile>
    <ClCompile Include="source\window\application.cpp">
      <Filter>source\window</Filter>
    </ClCompile>
    <ClCompile Include="source\window\window.cpp">
      <Filter>source\window</Filter>
    </ClCompile>
    <ClCompile Include="source\thread\thread_pool.cpp">
      <Filter>source\thread</Filter>
    </ClCompile>
    <ClCompile Include="thirdparty\vk_bootstrap\VkBootstrap.cpp">
      <Filter>thirdparty\vk_bootstrap</Filter>
    </ClCompile>
    <ClCompile Include="source\file\explorer.cpp">
      <Filter>source\file</Filter>
    </ClCompile>
    <ClCompile Include="source\graphics\vulkan\vulkan_model.cpp">
      <Filter>source\graphics\vulkan</Filter>
    </ClCompile>
    <ClCompile Include="source\graphics\vulkan\vulkan_material.cpp">
      <Filter>source\graphics\vulkan</Filter>
    </ClCompile>
  </ItemGroup>
  <ItemGroup>
    <None Include="tool\shader_compiler\compile_shaders.bat">
      <Filter>tool\shader_compiler</Filter>
    </None>
    <None Include="tool\shader_compiler\config.ini">
      <Filter>tool\shader_compiler</Filter>
    </None>
    <None Include="asset\shader\source\fullscreen.frag">
      <Filter>asset\shader\source</Filter>
    </None>
    <None Include="asset\shader\source\fullscreen.vert">
      <Filter>asset\shader\source</Filter>
    </None>
    <None Include="thirdparty\vk_bootstrap\README.md">
      <Filter>thirdparty\vk_bootstrap</Filter>
    </None>
    <None Include="thirdparty\zlib\LICENSE">
      <Filter>thirdparty\zlib</Filter>
    </None>
    <None Include="thirdparty\assimp\.editorconfig">
      <Filter>thirdparty\assimp</Filter>
    </None>
    <None Include="thirdparty\assimp\color4.inl">
      <Filter>thirdparty\assimp</Filter>
    </None>
    <None Include="thirdparty\assimp\config.h.in">
      <Filter>thirdparty\assimp</Filter>
    </None>
    <None Include="thirdparty\assimp\material.inl">
      <Filter>thirdparty\assimp</Filter>
    </None>
    <None Include="thirdparty\assimp\matrix3x3.inl">
      <Filter>thirdparty\assimp</Filter>
    </None>
    <None Include="thirdparty\assimp\matrix4x4.inl">
      <Filter>thirdparty\assimp</Filter>
    </None>
    <None Include="thirdparty\assimp\quaternion.inl">
      <Filter>thirdparty\assimp</Filter>
    </None>
    <None Include="thirdparty\assimp\revision.h.in">
      <Filter>thirdparty\assimp</Filter>
    </None>
    <None Include="thirdparty\assimp\SmoothingGroups.inl">
      <Filter>thirdparty\assimp</Filter>
    </None>
    <None Include="thirdparty\assimp\vector2.inl">
      <Filter>thirdparty\assimp</Filter>
    </None>
    <None Include="thirdparty\assimp\vector3.inl">
      <Filter>thirdparty\assimp</Filter>
    </None>
  </ItemGroup>
  <ItemGroup>
    <Text Include="docs\code_convention.txt">
      <Filter>docs</Filter>
    </Text>
    <Text Include="docs\note_vulkan.txt">
      <Filter>docs</Filter>
    </Text>
    <Text Include="thirdparty\vk_bootstrap\LICENSE.txt">
      <Filter>thirdparty\vk_bootstrap</Filter>
    </Text>
  </ItemGroup>
</Project>