<?xml version="1.0" encoding="utf-8"?>
<Project ToolsVersion="4.0" xmlns="http://schemas.microsoft.com/developer/msbuild/2003">
  <ItemGroup>
    <ClCompile Include="main.cpp" />
    <ClCompile Include="depth_buffer_demo.cpp" />
  </ItemGroup>
  <ItemGroup>
    <ClInclude Include="depth_buffer_demo.h" />
  </ItemGroup>
  <ItemGroup>
    <Filter Include="shader">
      <UniqueIdentifier>{6f33becb-68bd-443c-ba15-201a1b7d5dbb}</UniqueIdentifier>
    </Filter>
  </ItemGroup>
</Project>